
Microsoft Visual Studio Solution File, Format Version 12.00
# Visual Studio 2012
Project("{FAE04EC0-301F-11D3-BF4B-00C04F79EFBC}") = "DealerPortal", "DealerPortal\DealerPortal.csproj", "{F89AE63C-2DD7-4DA9-BF79-BCDEB6375E4F}"
EndProject
Project("{FAE04EC0-301F-11D3-BF4B-00C04F79EFBC}") = "eClientPortal", "eClientPortal\eClientPortal.csproj", "{ADDF2614-37A8-4BEF-AD3C-EA3B49A268D0}"
EndProject
Global
	GlobalSection(SolutionConfigurationPlatforms) = preSolution
		Debug|Any CPU = Debug|Any CPU
		Release|Any CPU = Release|Any CPU
	EndGlobalSection
	GlobalSection(ProjectConfigurationPlatforms) = postSolution
		{F89AE63C-2DD7-4DA9-BF79-BCDEB6375E4F}.Debug|Any CPU.ActiveCfg = Debug|Any CPU
		{F89AE63C-2DD7-4DA9-BF79-BCDEB6375E4F}.Debug|Any CPU.Build.0 = Debug|Any CPU
		{F89AE63C-2DD7-4DA9-BF79-BCDEB6375E4F}.Release|Any CPU.ActiveCfg = Release|Any CPU
		{F89AE63C-2DD7-4DA9-BF79-BCDEB6375E4F}.Release|Any CPU.Build.0 = Release|Any CPU
		{ADDF2614-37A8-4BEF-AD3C-EA3B49A268D0}.Debug|Any CPU.ActiveCfg = Debug|Any CPU
		{ADDF2614-37A8-4BEF-AD3C-EA3B49A268D0}.Debug|Any CPU.Build.0 = Debug|Any CPU
		{ADDF2614-37A8-4BEF-AD3C-EA3B49A268D0}.Release|Any CPU.ActiveCfg = Release|Any CPU
		{ADDF2614-37A8-4BEF-AD3C-EA3B49A268D0}.Release|Any CPU.Build.0 = Release|Any CPU
	EndGlobalSection
	GlobalSection(SolutionProperties) = preSolution
		HideSolutionNode = FALSE
	EndGlobalSection
EndGlobal
